// !$*UTF8*$!
{
	archiveVersion = 1;
	classes = {
	};
	objectVersion = 50;
	objects = {

/* Begin PBXBuildFile section */
		2539B04423150DAA00E6258E /* libopencv_ccalib.4.1.1.dylib in Frameworks */ = {isa = PBXBuildFile; fileRef = 2539B01623150DA800E6258E /* libopencv_ccalib.4.1.1.dylib */; };
		2539B04523150DAA00E6258E /* libopencv_videostab.4.1.1.dylib in Frameworks */ = {isa = PBXBuildFile; fileRef = 2539B01723150DA800E6258E /* libopencv_videostab.4.1.1.dylib */; };
		2539B04623150DAA00E6258E /* libopencv_surface_matching.4.1.1.dylib in Frameworks */ = {isa = PBXBuildFile; fileRef = 2539B01823150DA800E6258E /* libopencv_surface_matching.4.1.1.dylib */; };
		2539B04723150DAA00E6258E /* libopencv_calib3d.4.1.1.dylib in Frameworks */ = {isa = PBXBuildFile; fileRef = 2539B01923150DA800E6258E /* libopencv_calib3d.4.1.1.dylib */; };
		2539B04823150DAA00E6258E /* libopencv_phase_unwrapping.4.1.1.dylib in Frameworks */ = {isa = PBXBuildFile; fileRef = 2539B01A23150DA800E6258E /* libopencv_phase_unwrapping.4.1.1.dylib */; };
		2539B04923150DAA00E6258E /* libopencv_ximgproc.4.1.1.dylib in Frameworks */ = {isa = PBXBuildFile; fileRef = 2539B01B23150DA800E6258E /* libopencv_ximgproc.4.1.1.dylib */; };
		2539B04A23150DAA00E6258E /* libopencv_stereo.4.1.1.dylib in Frameworks */ = {isa = PBXBuildFile; fileRef = 2539B01C23150DA800E6258E /* libopencv_stereo.4.1.1.dylib */; };
		2539B04B23150DAA00E6258E /* libopencv_highgui.4.1.1.dylib in Frameworks */ = {isa = PBXBuildFile; fileRef = 2539B01D23150DA800E6258E /* libopencv_highgui.4.1.1.dylib */; };
		2539B04C23150DAA00E6258E /* libopencv_datasets.4.1.1.dylib in Frameworks */ = {isa = PBXBuildFile; fileRef = 2539B01E23150DA800E6258E /* libopencv_datasets.4.1.1.dylib */; };
		2539B04D23150DAA00E6258E /* libopencv_tracking.4.1.1.dylib in Frameworks */ = {isa = PBXBuildFile; fileRef = 2539B01F23150DA800E6258E /* libopencv_tracking.4.1.1.dylib */; };
		2539B04E23150DAA00E6258E /* libopencv_dnn.4.1.1.dylib in Frameworks */ = {isa = PBXBuildFile; fileRef = 2539B02023150DA800E6258E /* libopencv_dnn.4.1.1.dylib */; };
		2539B04F23150DAA00E6258E /* libopencv_quality.4.1.1.dylib in Frameworks */ = {isa = PBXBuildFile; fileRef = 2539B02123150DA900E6258E /* libopencv_quality.4.1.1.dylib */; };
		2539B05023150DAA00E6258E /* libopencv_objdetect.4.1.1.dylib in Frameworks */ = {isa = PBXBuildFile; fileRef = 2539B02223150DA900E6258E /* libopencv_objdetect.4.1.1.dylib */; };
		2539B05123150DAA00E6258E /* libopencv_img_hash.4.1.1.dylib in Frameworks */ = {isa = PBXBuildFile; fileRef = 2539B02323150DA900E6258E /* libopencv_img_hash.4.1.1.dylib */; };
		2539B05223150DAA00E6258E /* libopencv_shape.4.1.1.dylib in Frameworks */ = {isa = PBXBuildFile; fileRef = 2539B02423150DA900E6258E /* libopencv_shape.4.1.1.dylib */; };
		2539B05323150DAA00E6258E /* libopencv_video.4.1.1.dylib in Frameworks */ = {isa = PBXBuildFile; fileRef = 2539B02523150DA900E6258E /* libopencv_video.4.1.1.dylib */; };
		2539B05423150DAA00E6258E /* libopencv_face.4.1.1.dylib in Frameworks */ = {isa = PBXBuildFile; fileRef = 2539B02623150DA900E6258E /* libopencv_face.4.1.1.dylib */; };
		2539B05523150DAA00E6258E /* libopencv_xobjdetect.4.1.1.dylib in Frameworks */ = {isa = PBXBuildFile; fileRef = 2539B02723150DA900E6258E /* libopencv_xobjdetect.4.1.1.dylib */; };
		2539B05623150DAA00E6258E /* libopencv_plot.4.1.1.dylib in Frameworks */ = {isa = PBXBuildFile; fileRef = 2539B02823150DA900E6258E /* libopencv_plot.4.1.1.dylib */; };
		2539B05723150DAA00E6258E /* libopencv_dpm.4.1.1.dylib in Frameworks */ = {isa = PBXBuildFile; fileRef = 2539B02923150DA900E6258E /* libopencv_dpm.4.1.1.dylib */; };
		2539B05823150DAA00E6258E /* libopencv_hfs.4.1.1.dylib in Frameworks */ = {isa = PBXBuildFile; fileRef = 2539B02A23150DA900E6258E /* libopencv_hfs.4.1.1.dylib */; };
		2539B05923150DAA00E6258E /* libopencv_aruco.4.1.1.dylib in Frameworks */ = {isa = PBXBuildFile; fileRef = 2539B02B23150DA900E6258E /* libopencv_aruco.4.1.1.dylib */; };
		2539B05A23150DAA00E6258E /* libopencv_optflow.4.1.1.dylib in Frameworks */ = {isa = PBXBuildFile; fileRef = 2539B02C23150DA900E6258E /* libopencv_optflow.4.1.1.dylib */; };
		2539B05B23150DAA00E6258E /* libopencv_ml.4.1.1.dylib in Frameworks */ = {isa = PBXBuildFile; fileRef = 2539B02D23150DA900E6258E /* libopencv_ml.4.1.1.dylib */; };
		2539B05C23150DAA00E6258E /* libopencv_superres.4.1.1.dylib in Frameworks */ = {isa = PBXBuildFile; fileRef = 2539B02E23150DA900E6258E /* libopencv_superres.4.1.1.dylib */; };
		2539B05D23150DAA00E6258E /* libopencv_reg.4.1.1.dylib in Frameworks */ = {isa = PBXBuildFile; fileRef = 2539B02F23150DA900E6258E /* libopencv_reg.4.1.1.dylib */; };
		2539B05E23150DAA00E6258E /* libopencv_imgcodecs.4.1.1.dylib in Frameworks */ = {isa = PBXBuildFile; fileRef = 2539B03023150DA900E6258E /* libopencv_imgcodecs.4.1.1.dylib */; };
		2539B05F23150DAA00E6258E /* libopencv_rgbd.4.1.1.dylib in Frameworks */ = {isa = PBXBuildFile; fileRef = 2539B03123150DA900E6258E /* libopencv_rgbd.4.1.1.dylib */; };
		2539B06023150DAA00E6258E /* libopencv_text.4.1.1.dylib in Frameworks */ = {isa = PBXBuildFile; fileRef = 2539B03223150DA900E6258E /* libopencv_text.4.1.1.dylib */; };
		2539B06123150DAA00E6258E /* libopencv_saliency.4.1.1.dylib in Frameworks */ = {isa = PBXBuildFile; fileRef = 2539B03323150DA900E6258E /* libopencv_saliency.4.1.1.dylib */; };
		2539B06223150DAA00E6258E /* libopencv_gapi.4.1.1.dylib in Frameworks */ = {isa = PBXBuildFile; fileRef = 2539B03423150DA900E6258E /* libopencv_gapi.4.1.1.dylib */; };
		2539B06323150DAA00E6258E /* libopencv_photo.4.1.1.dylib in Frameworks */ = {isa = PBXBuildFile; fileRef = 2539B03523150DA900E6258E /* libopencv_photo.4.1.1.dylib */; };
		2539B06423150DAA00E6258E /* libopencv_xfeatures2d.4.1.1.dylib in Frameworks */ = {isa = PBXBuildFile; fileRef = 2539B03623150DA900E6258E /* libopencv_xfeatures2d.4.1.1.dylib */; };
		2539B06523150DAA00E6258E /* libopencv_bgsegm.4.1.1.dylib in Frameworks */ = {isa = PBXBuildFile; fileRef = 2539B03723150DA900E6258E /* libopencv_bgsegm.4.1.1.dylib */; };
		2539B06623150DAA00E6258E /* libopencv_features2d.4.1.1.dylib in Frameworks */ = {isa = PBXBuildFile; fileRef = 2539B03823150DA900E6258E /* libopencv_features2d.4.1.1.dylib */; };
		2539B06723150DAA00E6258E /* libopencv_xphoto.4.1.1.dylib in Frameworks */ = {isa = PBXBuildFile; fileRef = 2539B03923150DA900E6258E /* libopencv_xphoto.4.1.1.dylib */; };
		2539B06823150DAA00E6258E /* libopencv_dnn_objdetect.4.1.1.dylib in Frameworks */ = {isa = PBXBuildFile; fileRef = 2539B03A23150DA900E6258E /* libopencv_dnn_objdetect.4.1.1.dylib */; };
		2539B06923150DAA00E6258E /* libopencv_bioinspired.4.1.1.dylib in Frameworks */ = {isa = PBXBuildFile; fileRef = 2539B03B23150DAA00E6258E /* libopencv_bioinspired.4.1.1.dylib */; };
		2539B06A23150DAA00E6258E /* libopencv_core.4.1.1.dylib in Frameworks */ = {isa = PBXBuildFile; fileRef = 2539B03C23150DAA00E6258E /* libopencv_core.4.1.1.dylib */; };
		2539B06B23150DAA00E6258E /* libopencv_flann.4.1.1.dylib in Frameworks */ = {isa = PBXBuildFile; fileRef = 2539B03D23150DAA00E6258E /* libopencv_flann.4.1.1.dylib */; };
		2539B06C23150DAA00E6258E /* libopencv_structured_light.4.1.1.dylib in Frameworks */ = {isa = PBXBuildFile; fileRef = 2539B03E23150DAA00E6258E /* libopencv_structured_light.4.1.1.dylib */; };
		2539B06D23150DAA00E6258E /* libopencv_line_descriptor.4.1.1.dylib in Frameworks */ = {isa = PBXBuildFile; fileRef = 2539B03F23150DAA00E6258E /* libopencv_line_descriptor.4.1.1.dylib */; };
		2539B06E23150DAA00E6258E /* libopencv_stitching.4.1.1.dylib in Frameworks */ = {isa = PBXBuildFile; fileRef = 2539B04023150DAA00E6258E /* libopencv_stitching.4.1.1.dylib */; };
		2539B06F23150DAA00E6258E /* libopencv_videoio.4.1.1.dylib in Frameworks */ = {isa = PBXBuildFile; fileRef = 2539B04123150DAA00E6258E /* libopencv_videoio.4.1.1.dylib */; };
		2539B07023150DAA00E6258E /* libopencv_imgproc.4.1.1.dylib in Frameworks */ = {isa = PBXBuildFile; fileRef = 2539B04223150DAA00E6258E /* libopencv_imgproc.4.1.1.dylib */; };
		2539B07123150DAA00E6258E /* libopencv_fuzzy.4.1.1.dylib in Frameworks */ = {isa = PBXBuildFile; fileRef = 2539B04323150DAA00E6258E /* libopencv_fuzzy.4.1.1.dylib */; };
		2551B2222194144200F13620 /* main.cpp in Sources */ = {isa = PBXBuildFile; fileRef = 2551B2212194144200F13620 /* main.cpp */; };
/* End PBXBuildFile section */

/* Begin PBXCopyFilesBuildPhase section */
		2551B21C2194144200F13620 /* CopyFiles */ = {
			isa = PBXCopyFilesBuildPhase;
			buildActionMask = 2147483647;
			dstPath = /usr/share/man/man1/;
			dstSubfolderSpec = 0;
			files = (
			);
			runOnlyForDeploymentPostprocessing = 1;
		};
/* End PBXCopyFilesBuildPhase section */

/* Begin PBXFileReference section */
		2539B01623150DA800E6258E /* libopencv_ccalib.4.1.1.dylib */ = {isa = PBXFileReference; lastKnownFileType = "compiled.mach-o.dylib"; name = libopencv_ccalib.4.1.1.dylib; path = ../../../../local/opencv/lib/libopencv_ccalib.4.1.1.dylib; sourceTree = "<group>"; };
		2539B01723150DA800E6258E /* libopencv_videostab.4.1.1.dylib */ = {isa = PBXFileReference; lastKnownFileType = "compiled.mach-o.dylib"; name = libopencv_videostab.4.1.1.dylib; path = ../../../../local/opencv/lib/libopencv_videostab.4.1.1.dylib; sourceTree = "<group>"; };
		2539B01823150DA800E6258E /* libopencv_surface_matching.4.1.1.dylib */ = {isa = PBXFileReference; lastKnownFileType = "compiled.mach-o.dylib"; name = libopencv_surface_matching.4.1.1.dylib; path = ../../../../local/opencv/lib/libopencv_surface_matching.4.1.1.dylib; sourceTree = "<group>"; };
		2539B01923150DA800E6258E /* libopencv_calib3d.4.1.1.dylib */ = {isa = PBXFileReference; lastKnownFileType = "compiled.mach-o.dylib"; name = libopencv_calib3d.4.1.1.dylib; path = ../../../../local/opencv/lib/libopencv_calib3d.4.1.1.dylib; sourceTree = "<group>"; };
		2539B01A23150DA800E6258E /* libopencv_phase_unwrapping.4.1.1.dylib */ = {isa = PBXFileReference; lastKnownFileType = "compiled.mach-o.dylib"; name = libopencv_phase_unwrapping.4.1.1.dylib; path = ../../../../local/opencv/lib/libopencv_phase_unwrapping.4.1.1.dylib; sourceTree = "<group>"; };
		2539B01B23150DA800E6258E /* libopencv_ximgproc.4.1.1.dylib */ = {isa = PBXFileReference; lastKnownFileType = "compiled.mach-o.dylib"; name = libopencv_ximgproc.4.1.1.dylib; path = ../../../../local/opencv/lib/libopencv_ximgproc.4.1.1.dylib; sourceTree = "<group>"; };
		2539B01C23150DA800E6258E /* libopencv_stereo.4.1.1.dylib */ = {isa = PBXFileReference; lastKnownFileType = "compiled.mach-o.dylib"; name = libopencv_stereo.4.1.1.dylib; path = ../../../../local/opencv/lib/libopencv_stereo.4.1.1.dylib; sourceTree = "<group>"; };
		2539B01D23150DA800E6258E /* libopencv_highgui.4.1.1.dylib */ = {isa = PBXFileReference; lastKnownFileType = "compiled.mach-o.dylib"; name = libopencv_highgui.4.1.1.dylib; path = ../../../../local/opencv/lib/libopencv_highgui.4.1.1.dylib; sourceTree = "<group>"; };
		2539B01E23150DA800E6258E /* libopencv_datasets.4.1.1.dylib */ = {isa = PBXFileReference; lastKnownFileType = "compiled.mach-o.dylib"; name = libopencv_datasets.4.1.1.dylib; path = ../../../../local/opencv/lib/libopencv_datasets.4.1.1.dylib; sourceTree = "<group>"; };
		2539B01F23150DA800E6258E /* libopencv_tracking.4.1.1.dylib */ = {isa = PBXFileReference; lastKnownFileType = "compiled.mach-o.dylib"; name = libopencv_tracking.4.1.1.dylib; path = ../../../../local/opencv/lib/libopencv_tracking.4.1.1.dylib; sourceTree = "<group>"; };
		2539B02023150DA800E6258E /* libopencv_dnn.4.1.1.dylib */ = {isa = PBXFileReference; lastKnownFileType = "compiled.mach-o.dylib"; name = libopencv_dnn.4.1.1.dylib; path = ../../../../local/opencv/lib/libopencv_dnn.4.1.1.dylib; sourceTree = "<group>"; };
		2539B02123150DA900E6258E /* libopencv_quality.4.1.1.dylib */ = {isa = PBXFileReference; lastKnownFileType = "compiled.mach-o.dylib"; name = libopencv_quality.4.1.1.dylib; path = ../../../../local/opencv/lib/libopencv_quality.4.1.1.dylib; sourceTree = "<group>"; };
		2539B02223150DA900E6258E /* libopencv_objdetect.4.1.1.dylib */ = {isa = PBXFileReference; lastKnownFileType = "compiled.mach-o.dylib"; name = libopencv_objdetect.4.1.1.dylib; path = ../../../../local/opencv/lib/libopencv_objdetect.4.1.1.dylib; sourceTree = "<group>"; };
		2539B02323150DA900E6258E /* libopencv_img_hash.4.1.1.dylib */ = {isa = PBXFileReference; lastKnownFileType = "compiled.mach-o.dylib"; name = libopencv_img_hash.4.1.1.dylib; path = ../../../../local/opencv/lib/libopencv_img_hash.4.1.1.dylib; sourceTree = "<group>"; };
		2539B02423150DA900E6258E /* libopencv_shape.4.1.1.dylib */ = {isa = PBXFileReference; lastKnownFileType = "compiled.mach-o.dylib"; name = libopencv_shape.4.1.1.dylib; path = ../../../../local/opencv/lib/libopencv_shape.4.1.1.dylib; sourceTree = "<group>"; };
		2539B02523150DA900E6258E /* libopencv_video.4.1.1.dylib */ = {isa = PBXFileReference; lastKnownFileType = "compiled.mach-o.dylib"; name = libopencv_video.4.1.1.dylib; path = ../../../../local/opencv/lib/libopencv_video.4.1.1.dylib; sourceTree = "<group>"; };
		2539B02623150DA900E6258E /* libopencv_face.4.1.1.dylib */ = {isa = PBXFileReference; lastKnownFileType = "compiled.mach-o.dylib"; name = libopencv_face.4.1.1.dylib; path = ../../../../local/opencv/lib/libopencv_face.4.1.1.dylib; sourceTree = "<group>"; };
		2539B02723150DA900E6258E /* libopencv_xobjdetect.4.1.1.dylib */ = {isa = PBXFileReference; lastKnownFileType = "compiled.mach-o.dylib"; name = libopencv_xobjdetect.4.1.1.dylib; path = ../../../../local/opencv/lib/libopencv_xobjdetect.4.1.1.dylib; sourceTree = "<group>"; };
		2539B02823150DA900E6258E /* libopencv_plot.4.1.1.dylib */ = {isa = PBXFileReference; lastKnownFileType = "compiled.mach-o.dylib"; name = libopencv_plot.4.1.1.dylib; path = ../../../../local/opencv/lib/libopencv_plot.4.1.1.dylib; sourceTree = "<group>"; };
		2539B02923150DA900E6258E /* libopencv_dpm.4.1.1.dylib */ = {isa = PBXFileReference; lastKnownFileType = "compiled.mach-o.dylib"; name = libopencv_dpm.4.1.1.dylib; path = ../../../../local/opencv/lib/libopencv_dpm.4.1.1.dylib; sourceTree = "<group>"; };
		2539B02A23150DA900E6258E /* libopencv_hfs.4.1.1.dylib */ = {isa = PBXFileReference; lastKnownFileType = "compiled.mach-o.dylib"; name = libopencv_hfs.4.1.1.dylib; path = ../../../../local/opencv/lib/libopencv_hfs.4.1.1.dylib; sourceTree = "<group>"; };
		2539B02B23150DA900E6258E /* libopencv_aruco.4.1.1.dylib */ = {isa = PBXFileReference; lastKnownFileType = "compiled.mach-o.dylib"; name = libopencv_aruco.4.1.1.dylib; path = ../../../../local/opencv/lib/libopencv_aruco.4.1.1.dylib; sourceTree = "<group>"; };
		2539B02C23150DA900E6258E /* libopencv_optflow.4.1.1.dylib */ = {isa = PBXFileReference; lastKnownFileType = "compiled.mach-o.dylib"; name = libopencv_optflow.4.1.1.dylib; path = ../../../../local/opencv/lib/libopencv_optflow.4.1.1.dylib; sourceTree = "<group>"; };
		2539B02D23150DA900E6258E /* libopencv_ml.4.1.1.dylib */ = {isa = PBXFileReference; lastKnownFileType = "compiled.mach-o.dylib"; name = libopencv_ml.4.1.1.dylib; path = ../../../../local/opencv/lib/libopencv_ml.4.1.1.dylib; sourceTree = "<group>"; };
		2539B02E23150DA900E6258E /* libopencv_superres.4.1.1.dylib */ = {isa = PBXFileReference; lastKnownFileType = "compiled.mach-o.dylib"; name = libopencv_superres.4.1.1.dylib; path = ../../../../local/opencv/lib/libopencv_superres.4.1.1.dylib; sourceTree = "<group>"; };
		2539B02F23150DA900E6258E /* libopencv_reg.4.1.1.dylib */ = {isa = PBXFileReference; lastKnownFileType = "compiled.mach-o.dylib"; name = libopencv_reg.4.1.1.dylib; path = ../../../../local/opencv/lib/libopencv_reg.4.1.1.dylib; sourceTree = "<group>"; };
		2539B03023150DA900E6258E /* libopencv_imgcodecs.4.1.1.dylib */ = {isa = PBXFileReference; lastKnownFileType = "compiled.mach-o.dylib"; name = libopencv_imgcodecs.4.1.1.dylib; path = ../../../../local/opencv/lib/libopencv_imgcodecs.4.1.1.dylib; sourceTree = "<group>"; };
		2539B03123150DA900E6258E /* libopencv_rgbd.4.1.1.dylib */ = {isa = PBXFileReference; lastKnownFileType = "compiled.mach-o.dylib"; name = libopencv_rgbd.4.1.1.dylib; path = ../../../../local/opencv/lib/libopencv_rgbd.4.1.1.dylib; sourceTree = "<group>"; };
		2539B03223150DA900E6258E /* libopencv_text.4.1.1.dylib */ = {isa = PBXFileReference; lastKnownFileType = "compiled.mach-o.dylib"; name = libopencv_text.4.1.1.dylib; path = ../../../../local/opencv/lib/libopencv_text.4.1.1.dylib; sourceTree = "<group>"; };
		2539B03323150DA900E6258E /* libopencv_saliency.4.1.1.dylib */ = {isa = PBXFileReference; lastKnownFileType = "compiled.mach-o.dylib"; name = libopencv_saliency.4.1.1.dylib; path = ../../../../local/opencv/lib/libopencv_saliency.4.1.1.dylib; sourceTree = "<group>"; };
		2539B03423150DA900E6258E /* libopencv_gapi.4.1.1.dylib */ = {isa = PBXFileReference; lastKnownFileType = "compiled.mach-o.dylib"; name = libopencv_gapi.4.1.1.dylib; path = ../../../../local/opencv/lib/libopencv_gapi.4.1.1.dylib; sourceTree = "<group>"; };
		2539B03523150DA900E6258E /* libopencv_photo.4.1.1.dylib */ = {isa = PBXFileReference; lastKnownFileType = "compiled.mach-o.dylib"; name = libopencv_photo.4.1.1.dylib; path = ../../../../local/opencv/lib/libopencv_photo.4.1.1.dylib; sourceTree = "<group>"; };
		2539B03623150DA900E6258E /* libopencv_xfeatures2d.4.1.1.dylib */ = {isa = PBXFileReference; lastKnownFileType = "compiled.mach-o.dylib"; name = libopencv_xfeatures2d.4.1.1.dylib; path = ../../../../local/opencv/lib/libopencv_xfeatures2d.4.1.1.dylib; sourceTree = "<group>"; };
		2539B03723150DA900E6258E /* libopencv_bgsegm.4.1.1.dylib */ = {isa = PBXFileReference; lastKnownFileType = "compiled.mach-o.dylib"; name = libopencv_bgsegm.4.1.1.dylib; path = ../../../../local/opencv/lib/libopencv_bgsegm.4.1.1.dylib; sourceTree = "<group>"; };
		2539B03823150DA900E6258E /* libopencv_features2d.4.1.1.dylib */ = {isa = PBXFileReference; lastKnownFileType = "compiled.mach-o.dylib"; name = libopencv_features2d.4.1.1.dylib; path = ../../../../local/opencv/lib/libopencv_features2d.4.1.1.dylib; sourceTree = "<group>"; };
		2539B03923150DA900E6258E /* libopencv_xphoto.4.1.1.dylib */ = {isa = PBXFileReference; lastKnownFileType = "compiled.mach-o.dylib"; name = libopencv_xphoto.4.1.1.dylib; path = ../../../../local/opencv/lib/libopencv_xphoto.4.1.1.dylib; sourceTree = "<group>"; };
		2539B03A23150DA900E6258E /* libopencv_dnn_objdetect.4.1.1.dylib */ = {isa = PBXFileReference; lastKnownFileType = "compiled.mach-o.dylib"; name = libopencv_dnn_objdetect.4.1.1.dylib; path = ../../../../local/opencv/lib/libopencv_dnn_objdetect.4.1.1.dylib; sourceTree = "<group>"; };
		2539B03B23150DAA00E6258E /* libopencv_bioinspired.4.1.1.dylib */ = {isa = PBXFileReference; lastKnownFileType = "compiled.mach-o.dylib"; name = libopencv_bioinspired.4.1.1.dylib; path = ../../../../local/opencv/lib/libopencv_bioinspired.4.1.1.dylib; sourceTree = "<group>"; };
		2539B03C23150DAA00E6258E /* libopencv_core.4.1.1.dylib */ = {isa = PBXFileReference; lastKnownFileType = "compiled.mach-o.dylib"; name = libopencv_core.4.1.1.dylib; path = ../../../../local/opencv/lib/libopencv_core.4.1.1.dylib; sourceTree = "<group>"; };
		2539B03D23150DAA00E6258E /* libopencv_flann.4.1.1.dylib */ = {isa = PBXFileReference; lastKnownFileType = "compiled.mach-o.dylib"; name = libopencv_flann.4.1.1.dylib; path = ../../../../local/opencv/lib/libopencv_flann.4.1.1.dylib; sourceTree = "<group>"; };
		2539B03E23150DAA00E6258E /* libopencv_structured_light.4.1.1.dylib */ = {isa = PBXFileReference; lastKnownFileType = "compiled.mach-o.dylib"; name = libopencv_structured_light.4.1.1.dylib; path = ../../../../local/opencv/lib/libopencv_structured_light.4.1.1.dylib; sourceTree = "<group>"; };
		2539B03F23150DAA00E6258E /* libopencv_line_descriptor.4.1.1.dylib */ = {isa = PBXFileReference; lastKnownFileType = "compiled.mach-o.dylib"; name = libopencv_line_descriptor.4.1.1.dylib; path = ../../../../local/opencv/lib/libopencv_line_descriptor.4.1.1.dylib; sourceTree = "<group>"; };
		2539B04023150DAA00E6258E /* libopencv_stitching.4.1.1.dylib */ = {isa = PBXFileReference; lastKnownFileType = "compiled.mach-o.dylib"; name = libopencv_stitching.4.1.1.dylib; path = ../../../../local/opencv/lib/libopencv_stitching.4.1.1.dylib; sourceTree = "<group>"; };
		2539B04123150DAA00E6258E /* libopencv_videoio.4.1.1.dylib */ = {isa = PBXFileReference; lastKnownFileType = "compiled.mach-o.dylib"; name = libopencv_videoio.4.1.1.dylib; path = ../../../../local/opencv/lib/libopencv_videoio.4.1.1.dylib; sourceTree = "<group>"; };
		2539B04223150DAA00E6258E /* libopencv_imgproc.4.1.1.dylib */ = {isa = PBXFileReference; lastKnownFileType = "compiled.mach-o.dylib"; name = libopencv_imgproc.4.1.1.dylib; path = ../../../../local/opencv/lib/libopencv_imgproc.4.1.1.dylib; sourceTree = "<group>"; };
		2539B04323150DAA00E6258E /* libopencv_fuzzy.4.1.1.dylib */ = {isa = PBXFileReference; lastKnownFileType = "compiled.mach-o.dylib"; name = libopencv_fuzzy.4.1.1.dylib; path = ../../../../local/opencv/lib/libopencv_fuzzy.4.1.1.dylib; sourceTree = "<group>"; };
		2551B21E2194144200F13620 /* OpenCV_Tutorials */ = {isa = PBXFileReference; explicitFileType = "compiled.mach-o.executable"; includeInIndex = 0; path = OpenCV_Tutorials; sourceTree = BUILT_PRODUCTS_DIR; };
		2551B2212194144200F13620 /* main.cpp */ = {isa = PBXFileReference; lastKnownFileType = sourcecode.cpp.cpp; path = main.cpp; sourceTree = "<group>"; };
		2551B53121943C5E00F13620 /* README.md */ = {isa = PBXFileReference; lastKnownFileType = net.daringfireball.markdown; path = README.md; sourceTree = "<group>"; };
/* End PBXFileReference section */

/* Begin PBXFrameworksBuildPhase section */
		2551B21B2194144200F13620 /* Frameworks */ = {
			isa = PBXFrameworksBuildPhase;
			buildActionMask = 2147483647;
			files = (
				2539B05923150DAA00E6258E /* libopencv_aruco.4.1.1.dylib in Frameworks */,
				2539B04423150DAA00E6258E /* libopencv_ccalib.4.1.1.dylib in Frameworks */,
				2539B05D23150DAA00E6258E /* libopencv_reg.4.1.1.dylib in Frameworks */,
				2539B04F23150DAA00E6258E /* libopencv_quality.4.1.1.dylib in Frameworks */,
				2539B04823150DAA00E6258E /* libopencv_phase_unwrapping.4.1.1.dylib in Frameworks */,
				2539B06823150DAA00E6258E /* libopencv_dnn_objdetect.4.1.1.dylib in Frameworks */,
				2539B06923150DAA00E6258E /* libopencv_bioinspired.4.1.1.dylib in Frameworks */,
				2539B06223150DAA00E6258E /* libopencv_gapi.4.1.1.dylib in Frameworks */,
				2539B06423150DAA00E6258E /* libopencv_xfeatures2d.4.1.1.dylib in Frameworks */,
				2539B05B23150DAA00E6258E /* libopencv_ml.4.1.1.dylib in Frameworks */,
				2539B04923150DAA00E6258E /* libopencv_ximgproc.4.1.1.dylib in Frameworks */,
				2539B06323150DAA00E6258E /* libopencv_photo.4.1.1.dylib in Frameworks */,
				2539B06D23150DAA00E6258E /* libopencv_line_descriptor.4.1.1.dylib in Frameworks */,
				2539B04C23150DAA00E6258E /* libopencv_datasets.4.1.1.dylib in Frameworks */,
				2539B05F23150DAA00E6258E /* libopencv_rgbd.4.1.1.dylib in Frameworks */,
				2539B05723150DAA00E6258E /* libopencv_dpm.4.1.1.dylib in Frameworks */,
				2539B05E23150DAA00E6258E /* libopencv_imgcodecs.4.1.1.dylib in Frameworks */,
				2539B05323150DAA00E6258E /* libopencv_video.4.1.1.dylib in Frameworks */,
				2539B05023150DAA00E6258E /* libopencv_objdetect.4.1.1.dylib in Frameworks */,
				2539B04D23150DAA00E6258E /* libopencv_tracking.4.1.1.dylib in Frameworks */,
				2539B05C23150DAA00E6258E /* libopencv_superres.4.1.1.dylib in Frameworks */,
				2539B05523150DAA00E6258E /* libopencv_xobjdetect.4.1.1.dylib in Frameworks */,
				2539B06023150DAA00E6258E /* libopencv_text.4.1.1.dylib in Frameworks */,
				2539B06523150DAA00E6258E /* libopencv_bgsegm.4.1.1.dylib in Frameworks */,
				2539B07123150DAA00E6258E /* libopencv_fuzzy.4.1.1.dylib in Frameworks */,
				2539B04523150DAA00E6258E /* libopencv_videostab.4.1.1.dylib in Frameworks */,
				2539B04723150DAA00E6258E /* libopencv_calib3d.4.1.1.dylib in Frameworks */,
				2539B05623150DAA00E6258E /* libopencv_plot.4.1.1.dylib in Frameworks */,
				2539B05A23150DAA00E6258E /* libopencv_optflow.4.1.1.dylib in Frameworks */,
				2539B06623150DAA00E6258E /* libopencv_features2d.4.1.1.dylib in Frameworks */,
				2539B06E23150DAA00E6258E /* libopencv_stitching.4.1.1.dylib in Frameworks */,
				2539B06123150DAA00E6258E /* libopencv_saliency.4.1.1.dylib in Frameworks */,
				2539B07023150DAA00E6258E /* libopencv_imgproc.4.1.1.dylib in Frameworks */,
				2539B06B23150DAA00E6258E /* libopencv_flann.4.1.1.dylib in Frameworks */,
				2539B04E23150DAA00E6258E /* libopencv_dnn.4.1.1.dylib in Frameworks */,
				2539B05423150DAA00E6258E /* libopencv_face.4.1.1.dylib in Frameworks */,
				2539B04B23150DAA00E6258E /* libopencv_highgui.4.1.1.dylib in Frameworks */,
				2539B06F23150DAA00E6258E /* libopencv_videoio.4.1.1.dylib in Frameworks */,
				2539B05123150DAA00E6258E /* libopencv_img_hash.4.1.1.dylib in Frameworks */,
				2539B06C23150DAA00E6258E /* libopencv_structured_light.4.1.1.dylib in Frameworks */,
				2539B04623150DAA00E6258E /* libopencv_surface_matching.4.1.1.dylib in Frameworks */,
				2539B06A23150DAA00E6258E /* libopencv_core.4.1.1.dylib in Frameworks */,
				2539B05823150DAA00E6258E /* libopencv_hfs.4.1.1.dylib in Frameworks */,
				2539B06723150DAA00E6258E /* libopencv_xphoto.4.1.1.dylib in Frameworks */,
				2539B04A23150DAA00E6258E /* libopencv_stereo.4.1.1.dylib in Frameworks */,
				2539B05223150DAA00E6258E /* libopencv_shape.4.1.1.dylib in Frameworks */,
			);
			runOnlyForDeploymentPostprocessing = 0;
		};
/* End PBXFrameworksBuildPhase section */

/* Begin PBXGroup section */
		2551B2152194144200F13620 = {
			isa = PBXGroup;
			children = (
				2551B53121943C5E00F13620 /* README.md */,
				2551B4D62194330000F13620 /* opencv */,
				2551B2202194144200F13620 /* OpenCV_Tutorials */,
				2551B21F2194144200F13620 /* Products */,
			);
			sourceTree = "<group>";
		};
		2551B21F2194144200F13620 /* Products */ = {
			isa = PBXGroup;
			children = (
				2551B21E2194144200F13620 /* OpenCV_Tutorials */,
			);
			name = Products;
			sourceTree = "<group>";
		};
		2551B2202194144200F13620 /* OpenCV_Tutorials */ = {
			isa = PBXGroup;
			children = (
				2551B2212194144200F13620 /* main.cpp */,
			);
			path = OpenCV_Tutorials;
			sourceTree = "<group>";
		};
		2551B4D62194330000F13620 /* opencv */ = {
			isa = PBXGroup;
			children = (
				2539B02B23150DA900E6258E /* libopencv_aruco.4.1.1.dylib */,
				2539B03723150DA900E6258E /* libopencv_bgsegm.4.1.1.dylib */,
				2539B03B23150DAA00E6258E /* libopencv_bioinspired.4.1.1.dylib */,
				2539B01923150DA800E6258E /* libopencv_calib3d.4.1.1.dylib */,
				2539B01623150DA800E6258E /* libopencv_ccalib.4.1.1.dylib */,
				2539B03C23150DAA00E6258E /* libopencv_core.4.1.1.dylib */,
				2539B01E23150DA800E6258E /* libopencv_datasets.4.1.1.dylib */,
				2539B03A23150DA900E6258E /* libopencv_dnn_objdetect.4.1.1.dylib */,
				2539B02023150DA800E6258E /* libopencv_dnn.4.1.1.dylib */,
				2539B02923150DA900E6258E /* libopencv_dpm.4.1.1.dylib */,
				2539B02623150DA900E6258E /* libopencv_face.4.1.1.dylib */,
				2539B03823150DA900E6258E /* libopencv_features2d.4.1.1.dylib */,
				2539B03D23150DAA00E6258E /* libopencv_flann.4.1.1.dylib */,
				2539B04323150DAA00E6258E /* libopencv_fuzzy.4.1.1.dylib */,
				2539B03423150DA900E6258E /* libopencv_gapi.4.1.1.dylib */,
				2539B02A23150DA900E6258E /* libopencv_hfs.4.1.1.dylib */,
				2539B01D23150DA800E6258E /* libopencv_highgui.4.1.1.dylib */,
				2539B02323150DA900E6258E /* libopencv_img_hash.4.1.1.dylib */,
				2539B03023150DA900E6258E /* libopencv_imgcodecs.4.1.1.dylib */,
				2539B04223150DAA00E6258E /* libopencv_imgproc.4.1.1.dylib */,
				2539B03F23150DAA00E6258E /* libopencv_line_descriptor.4.1.1.dylib */,
				2539B02D23150DA900E6258E /* libopencv_ml.4.1.1.dylib */,
				2539B02223150DA900E6258E /* libopencv_objdetect.4.1.1.dylib */,
				2539B02C23150DA900E6258E /* libopencv_optflow.4.1.1.dylib */,
				2539B01A23150DA800E6258E /* libopencv_phase_unwrapping.4.1.1.dylib */,
				2539B03523150DA900E6258E /* libopencv_photo.4.1.1.dylib */,
				2539B02823150DA900E6258E /* libopencv_plot.4.1.1.dylib */,
				2539B02123150DA900E6258E /* libopencv_quality.4.1.1.dylib */,
				2539B02F23150DA900E6258E /* libopencv_reg.4.1.1.dylib */,
				2539B03123150DA900E6258E /* libopencv_rgbd.4.1.1.dylib */,
				2539B03323150DA900E6258E /* libopencv_saliency.4.1.1.dylib */,
				2539B02423150DA900E6258E /* libopencv_shape.4.1.1.dylib */,
				2539B01C23150DA800E6258E /* libopencv_stereo.4.1.1.dylib */,
				2539B04023150DAA00E6258E /* libopencv_stitching.4.1.1.dylib */,
				2539B03E23150DAA00E6258E /* libopencv_structured_light.4.1.1.dylib */,
				2539B02E23150DA900E6258E /* libopencv_superres.4.1.1.dylib */,
				2539B01823150DA800E6258E /* libopencv_surface_matching.4.1.1.dylib */,
				2539B03223150DA900E6258E /* libopencv_text.4.1.1.dylib */,
				2539B01F23150DA800E6258E /* libopencv_tracking.4.1.1.dylib */,
				2539B02523150DA900E6258E /* libopencv_video.4.1.1.dylib */,
				2539B04123150DAA00E6258E /* libopencv_videoio.4.1.1.dylib */,
				2539B01723150DA800E6258E /* libopencv_videostab.4.1.1.dylib */,
				2539B03623150DA900E6258E /* libopencv_xfeatures2d.4.1.1.dylib */,
				2539B01B23150DA800E6258E /* libopencv_ximgproc.4.1.1.dylib */,
				2539B02723150DA900E6258E /* libopencv_xobjdetect.4.1.1.dylib */,
				2539B03923150DA900E6258E /* libopencv_xphoto.4.1.1.dylib */,
			);
			path = opencv;
			sourceTree = "<group>";
		};
/* End PBXGroup section */

/* Begin PBXNativeTarget section */
		2551B21D2194144200F13620 /* OpenCV_Tutorials */ = {
			isa = PBXNativeTarget;
			buildConfigurationList = 2551B2252194144200F13620 /* Build configuration list for PBXNativeTarget "OpenCV_Tutorials" */;
			buildPhases = (
				2551B21A2194144200F13620 /* Sources */,
				2551B21B2194144200F13620 /* Frameworks */,
				2551B21C2194144200F13620 /* CopyFiles */,
			);
			buildRules = (
			);
			dependencies = (
			);
			name = OpenCV_Tutorials;
			productName = OpenCV_Tutorials;
			productReference = 2551B21E2194144200F13620 /* OpenCV_Tutorials */;
			productType = "com.apple.product-type.tool";
		};
/* End PBXNativeTarget section */

/* Begin PBXProject section */
		2551B2162194144200F13620 /* Project object */ = {
			isa = PBXProject;
			attributes = {
				LastUpgradeCheck = 1010;
				ORGANIZATIONNAME = yakir;
				TargetAttributes = {
					2551B21D2194144200F13620 = {
						CreatedOnToolsVersion = 10.1;
					};
				};
			};
			buildConfigurationList = 2551B2192194144200F13620 /* Build configuration list for PBXProject "OpenCV_Tutorials" */;
			compatibilityVersion = "Xcode 9.3";
			developmentRegion = en;
			hasScannedForEncodings = 0;
			knownRegions = (
				en,
				"zh-Hans",
				Base,
			);
			mainGroup = 2551B2152194144200F13620;
			productRefGroup = 2551B21F2194144200F13620 /* Products */;
			projectDirPath = "";
			projectRoot = "";
			targets = (
				2551B21D2194144200F13620 /* OpenCV_Tutorials */,
			);
		};
/* End PBXProject section */

/* Begin PBXSourcesBuildPhase section */
		2551B21A2194144200F13620 /* Sources */ = {
			isa = PBXSourcesBuildPhase;
			buildActionMask = 2147483647;
			files = (
				2551B2222194144200F13620 /* main.cpp in Sources */,
			);
			runOnlyForDeploymentPostprocessing = 0;
		};
/* End PBXSourcesBuildPhase section */

/* Begin XCBuildConfiguration section */
		2551B2232194144200F13620 /* Debug */ = {
			isa = XCBuildConfiguration;
			buildSettings = {
				ALWAYS_SEARCH_USER_PATHS = NO;
				CLANG_ANALYZER_NONNULL = YES;
				CLANG_ANALYZER_NUMBER_OBJECT_CONVERSION = YES_AGGRESSIVE;
				CLANG_CXX_LANGUAGE_STANDARD = "gnu++17";
				CLANG_CXX_LIBRARY = "libc++";
				CLANG_ENABLE_MODULES = YES;
				CLANG_ENABLE_OBJC_ARC = YES;
				CLANG_ENABLE_OBJC_WEAK = YES;
				CLANG_WARN_BLOCK_CAPTURE_AUTORELEASING = YES;
				CLANG_WARN_BOOL_CONVERSION = YES;
				CLANG_WARN_COMMA = YES;
				CLANG_WARN_CONSTANT_CONVERSION = YES;
				CLANG_WARN_DEPRECATED_OBJC_IMPLEMENTATIONS = YES;
				CLANG_WARN_DIRECT_OBJC_ISA_USAGE = YES_ERROR;
				CLANG_WARN_DOCUMENTATION_COMMENTS = YES;
				CLANG_WARN_EMPTY_BODY = YES;
				CLANG_WARN_ENUM_CONVERSION = YES;
				CLANG_WARN_INFINITE_RECURSION = YES;
				CLANG_WARN_INT_CONVERSION = YES;
				CLANG_WARN_NON_LITERAL_NULL_CONVERSION = YES;
				CLANG_WARN_OBJC_IMPLICIT_RETAIN_SELF = YES;
				CLANG_WARN_OBJC_LITERAL_CONVERSION = YES;
				CLANG_WARN_OBJC_ROOT_CLASS = YES_ERROR;
				CLANG_WARN_RANGE_LOOP_ANALYSIS = YES;
				CLANG_WARN_STRICT_PROTOTYPES = YES;
				CLANG_WARN_SUSPICIOUS_MOVE = YES;
				CLANG_WARN_UNGUARDED_AVAILABILITY = YES_AGGRESSIVE;
				CLANG_WARN_UNREACHABLE_CODE = YES;
				CLANG_WARN__DUPLICATE_METHOD_MATCH = YES;
				CODE_SIGN_IDENTITY = "Mac Developer";
				COPY_PHASE_STRIP = NO;
				DEBUG_INFORMATION_FORMAT = dwarf;
				ENABLE_STRICT_OBJC_MSGSEND = YES;
				ENABLE_TESTABILITY = YES;
				GCC_C_LANGUAGE_STANDARD = gnu11;
				GCC_DYNAMIC_NO_PIC = NO;
				GCC_NO_COMMON_BLOCKS = YES;
				GCC_OPTIMIZATION_LEVEL = 0;
				GCC_PREPROCESSOR_DEFINITIONS = (
					"DEBUG=1",
					"$(inherited)",
				);
				GCC_WARN_64_TO_32_BIT_CONVERSION = YES;
				GCC_WARN_ABOUT_RETURN_TYPE = YES_ERROR;
				GCC_WARN_UNDECLARED_SELECTOR = YES;
				GCC_WARN_UNINITIALIZED_AUTOS = YES_AGGRESSIVE;
				GCC_WARN_UNUSED_FUNCTION = YES;
				GCC_WARN_UNUSED_VARIABLE = YES;
				"HEADER_SEARCH_PATHS[arch=*]" = /Users/yakir/local/opencv/include/opencv4;
				"LD_RUNPATH_SEARCH_PATHS[arch=*]" = /Users/yakir/local/opencv/lib;
				"LIBRARY_SEARCH_PATHS[arch=*]" = /Users/yakir/local/opencv/lib;
				MACOSX_DEPLOYMENT_TARGET = 10.14;
				MTL_ENABLE_DEBUG_INFO = INCLUDE_SOURCE;
				MTL_FAST_MATH = YES;
				ONLY_ACTIVE_ARCH = YES;
				SDKROOT = macosx;
			};
			name = Debug;
		};
		2551B2242194144200F13620 /* Release */ = {
			isa = XCBuildConfiguration;
			buildSettings = {
				ALWAYS_SEARCH_USER_PATHS = NO;
				CLANG_ANALYZER_NONNULL = YES;
				CLANG_ANALYZER_NUMBER_OBJECT_CONVERSION = YES_AGGRESSIVE;
				CLANG_CXX_LANGUAGE_STANDARD = "gnu++17";
				CLANG_CXX_LIBRARY = "libc++";
				CLANG_ENABLE_MODULES = YES;
				CLANG_ENABLE_OBJC_ARC = YES;
				CLANG_ENABLE_OBJC_WEAK = YES;
				CLANG_WARN_BLOCK_CAPTURE_AUTORELEASING = YES;
				CLANG_WARN_BOOL_CONVERSION = YES;
				CLANG_WARN_COMMA = YES;
				CLANG_WARN_CONSTANT_CONVERSION = YES;
				CLANG_WARN_DEPRECATED_OBJC_IMPLEMENTATIONS = YES;
				CLANG_WARN_DIRECT_OBJC_ISA_USAGE = YES_ERROR;
				CLANG_WARN_DOCUMENTATION_COMMENTS = YES;
				CLANG_WARN_EMPTY_BODY = YES;
				CLANG_WARN_ENUM_CONVERSION = YES;
				CLANG_WARN_INFINITE_RECURSION = YES;
				CLANG_WARN_INT_CONVERSION = YES;
				CLANG_WARN_NON_LITERAL_NULL_CONVERSION = YES;
				CLANG_WARN_OBJC_IMPLICIT_RETAIN_SELF = YES;
				CLANG_WARN_OBJC_LITERAL_CONVERSION = YES;
				CLANG_WARN_OBJC_ROOT_CLASS = YES_ERROR;
				CLANG_WARN_RANGE_LOOP_ANALYSIS = YES;
				CLANG_WARN_STRICT_PROTOTYPES = YES;
				CLANG_WARN_SUSPICIOUS_MOVE = YES;
				CLANG_WARN_UNGUARDED_AVAILABILITY = YES_AGGRESSIVE;
				CLANG_WARN_UNREACHABLE_CODE = YES;
				CLANG_WARN__DUPLICATE_METHOD_MATCH = YES;
				CODE_SIGN_IDENTITY = "Mac Developer";
				COPY_PHASE_STRIP = NO;
				DEBUG_INFORMATION_FORMAT = "dwarf-with-dsym";
				ENABLE_NS_ASSERTIONS = NO;
				ENABLE_STRICT_OBJC_MSGSEND = YES;
				GCC_C_LANGUAGE_STANDARD = gnu11;
				GCC_NO_COMMON_BLOCKS = YES;
				GCC_WARN_64_TO_32_BIT_CONVERSION = YES;
				GCC_WARN_ABOUT_RETURN_TYPE = YES_ERROR;
				GCC_WARN_UNDECLARED_SELECTOR = YES;
				GCC_WARN_UNINITIALIZED_AUTOS = YES_AGGRESSIVE;
				GCC_WARN_UNUSED_FUNCTION = YES;
				GCC_WARN_UNUSED_VARIABLE = YES;
				"HEADER_SEARCH_PATHS[arch=*]" = /Users/yakir/local/opencv/include/opencv4;
				"LD_RUNPATH_SEARCH_PATHS[arch=*]" = /Users/yakir/local/opencv/lib;
				"LIBRARY_SEARCH_PATHS[arch=*]" = /Users/yakir/local/opencv/lib;
				MACOSX_DEPLOYMENT_TARGET = 10.14;
				MTL_ENABLE_DEBUG_INFO = NO;
				MTL_FAST_MATH = YES;
				SDKROOT = macosx;
			};
			name = Release;
		};
		2551B2262194144200F13620 /* Debug */ = {
			isa = XCBuildConfiguration;
			buildSettings = {
				CODE_SIGN_STYLE = Automatic;
				DEVELOPMENT_TEAM = AYKV4P8P58;
				"HEADER_SEARCH_PATHS[arch=*]" = /Users/yakir/local/opencv/include/opencv4;
				LIBRARY_SEARCH_PATHS = (
					"$(inherited)",
					"$(PROJECT_DIR)/opencv",
				);
				MACOSX_DEPLOYMENT_TARGET = 10.14;
				PRODUCT_NAME = "$(TARGET_NAME)";
			};
			name = Debug;
		};
		2551B2272194144200F13620 /* Release */ = {
			isa = XCBuildConfiguration;
			buildSettings = {
				CODE_SIGN_STYLE = Automatic;
				DEVELOPMENT_TEAM = AYKV4P8P58;
				"HEADER_SEARCH_PATHS[arch=*]" = /Users/yakir/local/opencv/include/opencv4;
				LIBRARY_SEARCH_PATHS = (
					"$(inherited)",
					"$(PROJECT_DIR)/opencv",
				);
				MACOSX_DEPLOYMENT_TARGET = 10.14;
				PRODUCT_NAME = "$(TARGET_NAME)";
			};
			name = Release;
		};
/* End XCBuildConfiguration section */

/* Begin XCConfigurationList section */
		2551B2192194144200F13620 /* Build configuration list for PBXProject "OpenCV_Tutorials" */ = {
			isa = XCConfigurationList;
			buildConfigurations = (
				2551B2232194144200F13620 /* Debug */,
				2551B2242194144200F13620 /* Release */,
			);
			defaultConfigurationIsVisible = 0;
			defaultConfigurationName = Release;
		};
		2551B2252194144200F13620 /* Build configuration list for PBXNativeTarget "OpenCV_Tutorials" */ = {
			isa = XCConfigurationList;
			buildConfigurations = (
				2551B2262194144200F13620 /* Debug */,
				2551B2272194144200F13620 /* Release */,
			);
			defaultConfigurationIsVisible = 0;
			defaultConfigurationName = Release;
		};
/* End XCConfigurationList section */
	};
	rootObject = 2551B2162194144200F13620 /* Project object */;
}
